
Microsoft Visual Studio Solution File, Format Version 12.00
# Visual Studio 14
VisualStudioVersion = 14.0.25420.1
MinimumVisualStudioVersion = 10.0.40219.1
Project("{2150E333-8FDC-42A3-9474-1A3956D46DE8}") = "Engine", "Engine", "{C6E9FA3A-957D-4A91-B475-B1F8BFF6D43B}"
EndProject
Project("{2150E333-8FDC-42A3-9474-1A3956D46DE8}") = "Games", "Games", "{6A00666B-90BA-4E29-91C7-76897CCAA24B}"
EndProject
Project("{8BC9CEB8-8B4A-11D0-8D11-00A0C91BC942}") = "UE4", "Intermediate\ProjectFiles\UE4.vcxproj", "{EF2FAF2E-3C9D-4C2A-AEF7-3A701E6F88CF}"
EndProject
Project("{8BC9CEB8-8B4A-11D0-8D11-00A0C91BC942}") = "BuildingEscape", "Intermediate\ProjectFiles\BuildingEscape.vcxproj", "{DA89021B-7D2E-4CE1-B8C3-69AC054C20C9}"
EndProject
Global
	GlobalSection(SolutionConfigurationPlatforms) = preSolution
		DebugGame Editor|HTML5 = DebugGame Editor|HTML5
		DebugGame Editor|IOS = DebugGame Editor|IOS
		DebugGame Editor|Win32 = DebugGame Editor|Win32
		DebugGame Editor|Win64 = DebugGame Editor|Win64
		DebugGame|HTML5 = DebugGame|HTML5
		DebugGame|IOS = DebugGame|IOS
		DebugGame|Win32 = DebugGame|Win32
		DebugGame|Win64 = DebugGame|Win64
		Development Editor|HTML5 = Development Editor|HTML5
		Development Editor|IOS = Development Editor|IOS
		Development Editor|Win32 = Development Editor|Win32
		Development Editor|Win64 = Development Editor|Win64
		Development|HTML5 = Development|HTML5
		Development|IOS = Development|IOS
		Development|Win32 = Development|Win32
		Development|Win64 = Development|Win64
		Shipping|HTML5 = Shipping|HTML5
		Shipping|IOS = Shipping|IOS
		Shipping|Win32 = Shipping|Win32
		Shipping|Win64 = Shipping|Win64
	EndGlobalSection
	GlobalSection(ProjectConfigurationPlatforms) = postSolution
		{EF2FAF2E-3C9D-4C2A-AEF7-3A701E6F88CF}.DebugGame Editor|HTML5.ActiveCfg = BuiltWithUnrealBuildTool|Win32
		{EF2FAF2E-3C9D-4C2A-AEF7-3A701E6F88CF}.DebugGame Editor|HTML5.Build.0 = BuiltWithUnrealBuildTool|Win32
		{EF2FAF2E-3C9D-4C2A-AEF7-3A701E6F88CF}.DebugGame Editor|IOS.ActiveCfg = BuiltWithUnrealBuildTool|Win32
		{EF2FAF2E-3C9D-4C2A-AEF7-3A701E6F88CF}.DebugGame Editor|IOS.Build.0 = BuiltWithUnrealBuildTool|Win32
		{EF2FAF2E-3C9D-4C2A-AEF7-3A701E6F88CF}.DebugGame Editor|Win32.ActiveCfg = BuiltWithUnrealBuildTool|Win32
		{EF2FAF2E-3C9D-4C2A-AEF7-3A701E6F88CF}.DebugGame Editor|Win32.Build.0 = BuiltWithUnrealBuildTool|Win32
		{EF2FAF2E-3C9D-4C2A-AEF7-3A701E6F88CF}.DebugGame Editor|Win64.ActiveCfg = BuiltWithUnrealBuildTool|Win32
		{EF2FAF2E-3C9D-4C2A-AEF7-3A701E6F88CF}.DebugGame Editor|Win64.Build.0 = BuiltWithUnrealBuildTool|Win32
		{EF2FAF2E-3C9D-4C2A-AEF7-3A701E6F88CF}.DebugGame|HTML5.ActiveCfg = BuiltWithUnrealBuildTool|Win32
		{EF2FAF2E-3C9D-4C2A-AEF7-3A701E6F88CF}.DebugGame|HTML5.Build.0 = BuiltWithUnrealBuildTool|Win32
		{EF2FAF2E-3C9D-4C2A-AEF7-3A701E6F88CF}.DebugGame|IOS.ActiveCfg = BuiltWithUnrealBuildTool|Win32
		{EF2FAF2E-3C9D-4C2A-AEF7-3A701E6F88CF}.DebugGame|IOS.Build.0 = BuiltWithUnrealBuildTool|Win32
		{EF2FAF2E-3C9D-4C2A-AEF7-3A701E6F88CF}.DebugGame|Win32.ActiveCfg = BuiltWithUnrealBuildTool|Win32
		{EF2FAF2E-3C9D-4C2A-AEF7-3A701E6F88CF}.DebugGame|Win32.Build.0 = BuiltWithUnrealBuildTool|Win32
		{EF2FAF2E-3C9D-4C2A-AEF7-3A701E6F88CF}.DebugGame|Win64.ActiveCfg = BuiltWithUnrealBuildTool|Win32
		{EF2FAF2E-3C9D-4C2A-AEF7-3A701E6F88CF}.DebugGame|Win64.Build.0 = BuiltWithUnrealBuildTool|Win32
		{EF2FAF2E-3C9D-4C2A-AEF7-3A701E6F88CF}.Development Editor|HTML5.ActiveCfg = BuiltWithUnrealBuildTool|Win32
		{EF2FAF2E-3C9D-4C2A-AEF7-3A701E6F88CF}.Development Editor|HTML5.Build.0 = BuiltWithUnrealBuildTool|Win32
		{EF2FAF2E-3C9D-4C2A-AEF7-3A701E6F88CF}.Development Editor|IOS.ActiveCfg = BuiltWithUnrealBuildTool|Win32
		{EF2FAF2E-3C9D-4C2A-AEF7-3A701E6F88CF}.Development Editor|IOS.Build.0 = BuiltWithUnrealBuildTool|Win32
		{EF2FAF2E-3C9D-4C2A-AEF7-3A701E6F88CF}.Development Editor|Win32.ActiveCfg = BuiltWithUnrealBuildTool|Win32
		{EF2FAF2E-3C9D-4C2A-AEF7-3A701E6F88CF}.Development Editor|Win32.Build.0 = BuiltWithUnrealBuildTool|Win32
		{EF2FAF2E-3C9D-4C2A-AEF7-3A701E6F88CF}.Development Editor|Win64.ActiveCfg = BuiltWithUnrealBuildTool|Win32
		{EF2FAF2E-3C9D-4C2A-AEF7-3A701E6F88CF}.Development Editor|Win64.Build.0 = BuiltWithUnrealBuildTool|Win32
		{EF2FAF2E-3C9D-4C2A-AEF7-3A701E6F88CF}.Development|HTML5.ActiveCfg = BuiltWithUnrealBuildTool|Win32
		{EF2FAF2E-3C9D-4C2A-AEF7-3A701E6F88CF}.Development|HTML5.Build.0 = BuiltWithUnrealBuildTool|Win32
		{EF2FAF2E-3C9D-4C2A-AEF7-3A701E6F88CF}.Development|IOS.ActiveCfg = BuiltWithUnrealBuildTool|Win32
		{EF2FAF2E-3C9D-4C2A-AEF7-3A701E6F88CF}.Development|IOS.Build.0 = BuiltWithUnrealBuildTool|Win32
		{EF2FAF2E-3C9D-4C2A-AEF7-3A701E6F88CF}.Development|Win32.ActiveCfg = BuiltWithUnrealBuildTool|Win32
		{EF2FAF2E-3C9D-4C2A-AEF7-3A701E6F88CF}.Development|Win32.Build.0 = BuiltWithUnrealBuildTool|Win32
		{EF2FAF2E-3C9D-4C2A-AEF7-3A701E6F88CF}.Development|Win64.ActiveCfg = BuiltWithUnrealBuildTool|Win32
		{EF2FAF2E-3C9D-4C2A-AEF7-3A701E6F88CF}.Development|Win64.Build.0 = BuiltWithUnrealBuildTool|Win32
		{EF2FAF2E-3C9D-4C2A-AEF7-3A701E6F88CF}.Shipping|HTML5.ActiveCfg = BuiltWithUnrealBuildTool|Win32
		{EF2FAF2E-3C9D-4C2A-AEF7-3A701E6F88CF}.Shipping|HTML5.Build.0 = BuiltWithUnrealBuildTool|Win32
		{EF2FAF2E-3C9D-4C2A-AEF7-3A701E6F88CF}.Shipping|IOS.ActiveCfg = BuiltWithUnrealBuildTool|Win32
		{EF2FAF2E-3C9D-4C2A-AEF7-3A701E6F88CF}.Shipping|IOS.Build.0 = BuiltWithUnrealBuildTool|Win32
		{EF2FAF2E-3C9D-4C2A-AEF7-3A701E6F88CF}.Shipping|Win32.ActiveCfg = BuiltWithUnrealBuildTool|Win32
		{EF2FAF2E-3C9D-4C2A-AEF7-3A701E6F88CF}.Shipping|Win32.Build.0 = BuiltWithUnrealBuildTool|Win32
		{EF2FAF2E-3C9D-4C2A-AEF7-3A701E6F88CF}.Shipping|Win64.ActiveCfg = BuiltWithUnrealBuildTool|Win32
		{EF2FAF2E-3C9D-4C2A-AEF7-3A701E6F88CF}.Shipping|Win64.Build.0 = BuiltWithUnrealBuildTool|Win32
		{DA89021B-7D2E-4CE1-B8C3-69AC054C20C9}.DebugGame Editor|HTML5.ActiveCfg = HTML5_DebugGame_Editor|Win32
		{DA89021B-7D2E-4CE1-B8C3-69AC054C20C9}.DebugGame Editor|IOS.ActiveCfg = IOS_DebugGame_Editor|Win32
		{DA89021B-7D2E-4CE1-B8C3-69AC054C20C9}.DebugGame Editor|Win32.ActiveCfg = DebugGame_Editor|Win32
		{DA89021B-7D2E-4CE1-B8C3-69AC054C20C9}.DebugGame Editor|Win64.ActiveCfg = DebugGame_Editor|x64
		{DA89021B-7D2E-4CE1-B8C3-69AC054C20C9}.DebugGame Editor|Win64.Build.0 = DebugGame_Editor|x64
		{DA89021B-7D2E-4CE1-B8C3-69AC054C20C9}.DebugGame|HTML5.ActiveCfg = HTML5_DebugGame_Game|Win32
		{DA89021B-7D2E-4CE1-B8C3-69AC054C20C9}.DebugGame|HTML5.Build.0 = HTML5_DebugGame_Game|Win32
		{DA89021B-7D2E-4CE1-B8C3-69AC054C20C9}.DebugGame|IOS.ActiveCfg = IOS_DebugGame_Game|Win32
		{DA89021B-7D2E-4CE1-B8C3-69AC054C20C9}.DebugGame|IOS.Build.0 = IOS_DebugGame_Game|Win32
		{DA89021B-7D2E-4CE1-B8C3-69AC054C20C9}.DebugGame|Win32.ActiveCfg = DebugGame_Game|Win32
		{DA89021B-7D2E-4CE1-B8C3-69AC054C20C9}.DebugGame|Win32.Build.0 = DebugGame_Game|Win32
		{DA89021B-7D2E-4CE1-B8C3-69AC054C20C9}.DebugGame|Win64.ActiveCfg = DebugGame_Game|x64
		{DA89021B-7D2E-4CE1-B8C3-69AC054C20C9}.DebugGame|Win64.Build.0 = DebugGame_Game|x64
		{DA89021B-7D2E-4CE1-B8C3-69AC054C20C9}.Development Editor|HTML5.ActiveCfg = HTML5_Development_Editor|Win32
		{DA89021B-7D2E-4CE1-B8C3-69AC054C20C9}.Development Editor|IOS.ActiveCfg = IOS_Development_Editor|Win32
		{DA89021B-7D2E-4CE1-B8C3-69AC054C20C9}.Development Editor|Win32.ActiveCfg = Development_Editor|Win32
		{DA89021B-7D2E-4CE1-B8C3-69AC054C20C9}.Development Editor|Win64.ActiveCfg = Development_Editor|x64
		{DA89021B-7D2E-4CE1-B8C3-69AC054C20C9}.Development Editor|Win64.Build.0 = Development_Editor|x64
		{DA89021B-7D2E-4CE1-B8C3-69AC054C20C9}.Development|HTML5.ActiveCfg = HTML5_Development_Game|Win32
		{DA89021B-7D2E-4CE1-B8C3-69AC054C20C9}.Development|HTML5.Build.0 = HTML5_Development_Game|Win32
		{DA89021B-7D2E-4CE1-B8C3-69AC054C20C9}.Development|IOS.ActiveCfg = IOS_Development_Game|Win32
		{DA89021B-7D2E-4CE1-B8C3-69AC054C20C9}.Development|IOS.Build.0 = IOS_Development_Game|Win32
		{DA89021B-7D2E-4CE1-B8C3-69AC054C20C9}.Development|Win32.ActiveCfg = Development_Game|Win32
		{DA89021B-7D2E-4CE1-B8C3-69AC054C20C9}.Development|Win32.Build.0 = Development_Game|Win32
		{DA89021B-7D2E-4CE1-B8C3-69AC054C20C9}.Development|Win64.ActiveCfg = Development_Game|x64
		{DA89021B-7D2E-4CE1-B8C3-69AC054C20C9}.Development|Win64.Build.0 = Development_Game|x64
		{DA89021B-7D2E-4CE1-B8C3-69AC054C20C9}.Shipping|HTML5.ActiveCfg = HTML5_Shipping_Game|Win32
		{DA89021B-7D2E-4CE1-B8C3-69AC054C20C9}.Shipping|HTML5.Build.0 = HTML5_Shipping_Game|Win32
		{DA89021B-7D2E-4CE1-B8C3-69AC054C20C9}.Shipping|IOS.ActiveCfg = IOS_Shipping_Game|Win32
		{DA89021B-7D2E-4CE1-B8C3-69AC054C20C9}.Shipping|IOS.Build.0 = IOS_Shipping_Game|Win32
		{DA89021B-7D2E-4CE1-B8C3-69AC054C20C9}.Shipping|Win32.ActiveCfg = Shipping_Game|Win32
		{DA89021B-7D2E-4CE1-B8C3-69AC054C20C9}.Shipping|Win32.Build.0 = Shipping_Game|Win32
		{DA89021B-7D2E-4CE1-B8C3-69AC054C20C9}.Shipping|Win64.ActiveCfg = Shipping_Game|x64
		{DA89021B-7D2E-4CE1-B8C3-69AC054C20C9}.Shipping|Win64.Build.0 = Shipping_Game|x64
	EndGlobalSection
	GlobalSection(SolutionProperties) = preSolution
		HideSolutionNode = FALSE
	EndGlobalSection
	GlobalSection(NestedProjects) = preSolution
		{EF2FAF2E-3C9D-4C2A-AEF7-3A701E6F88CF} = {C6E9FA3A-957D-4A91-B475-B1F8BFF6D43B}
		{DA89021B-7D2E-4CE1-B8C3-69AC054C20C9} = {6A00666B-90BA-4E29-91C7-76897CCAA24B}
	EndGlobalSection
EndGlobal
